
Microsoft Visual Studio Solution File, Format Version 12.00
Project("{FAE04EC0-301F-11D3-BF4B-00C04F79EFBC}") = "Controllers", "Controllers\Controllers.csproj", "{6EFA7E6E-C111-4947-B41C-20A99BB8F3E2}"
EndProject
Project("{FAE04EC0-301F-11D3-BF4B-00C04F79EFBC}") = "Minimal", "Minimal\Minimal.csproj", "{0AD79D75-E77A-4D40-A31D-2C205CDDD634}"
EndProject
Project("{FAE04EC0-301F-11D3-BF4B-00C04F79EFBC}") = "Shared", "Shared\Shared.csproj", "{8CB9D903-96D7-47CE-BB29-DF07CF9AE914}"
EndProject
Global
	GlobalSection(SolutionConfigurationPlatforms) = preSolution
		Debug|Any CPU = Debug|Any CPU
		Release|Any CPU = Release|Any CPU
	EndGlobalSection
	GlobalSection(ProjectConfigurationPlatforms) = postSolution
		{6EFA7E6E-C111-4947-B41C-20A99BB8F3E2}.Debug|Any CPU.ActiveCfg = Debug|Any CPU
		{6EFA7E6E-C111-4947-B41C-20A99BB8F3E2}.Debug|Any CPU.Build.0 = Debug|Any CPU
		{6EFA7E6E-C111-4947-B41C-20A99BB8F3E2}.Release|Any CPU.ActiveCfg = Release|Any CPU
		{6EFA7E6E-C111-4947-B41C-20A99BB8F3E2}.Release|Any CPU.Build.0 = Release|Any CPU
		{0AD79D75-E77A-4D40-A31D-2C205CDDD634}.Debug|Any CPU.ActiveCfg = Debug|Any CPU
		{0AD79D75-E77A-4D40-A31D-2C205CDDD634}.Debug|Any CPU.Build.0 = Debug|Any CPU
		{0AD79D75-E77A-4D40-A31D-2C205CDDD634}.Release|Any CPU.ActiveCfg = Release|Any CPU
		{0AD79D75-E77A-4D40-A31D-2C205CDDD634}.Release|Any CPU.Build.0 = Release|Any CPU
		{8CB9D903-96D7-47CE-BB29-DF07CF9AE914}.Debug|Any CPU.ActiveCfg = Debug|Any CPU
		{8CB9D903-96D7-47CE-BB29-DF07CF9AE914}.Debug|Any CPU.Build.0 = Debug|Any CPU
		{8CB9D903-96D7-47CE-BB29-DF07CF9AE914}.Release|Any CPU.ActiveCfg = Release|Any CPU
		{8CB9D903-96D7-47CE-BB29-DF07CF9AE914}.Release|Any CPU.Build.0 = Release|Any CPU
	EndGlobalSection
EndGlobal
